
Microsoft Visual Studio Solution File, Format Version 12.00
# Visual Studio Version 17
VisualStudioVersion = 17.9.34607.119
MinimumVisualStudioVersion = 10.0.40219.1
Project("{9A19103F-16F7-4668-BE54-9A1E7A4F7556}") = "eEcomerce.BackEnd", "eEcomerce.BackEnd.csproj", "{D45D4594-51F8-402F-9A2E-1CFFCE90F73C}"
EndProject
Global
	GlobalSection(SolutionConfigurationPlatforms) = preSolution
		Debug|Any CPU = Debug|Any CPU
		Release|Any CPU = Release|Any CPU
	EndGlobalSection
	GlobalSection(ProjectConfigurationPlatforms) = postSolution
		{D45D4594-51F8-402F-9A2E-1CFFCE90F73C}.Debug|Any CPU.ActiveCfg = Debug|Any CPU
		{D45D4594-51F8-402F-9A2E-1CFFCE90F73C}.Debug|Any CPU.Build.0 = Debug|Any CPU
		{D45D4594-51F8-402F-9A2E-1CFFCE90F73C}.Release|Any CPU.ActiveCfg = Release|Any CPU
		{D45D4594-51F8-402F-9A2E-1CFFCE90F73C}.Release|Any CPU.Build.0 = Release|Any CPU
	EndGlobalSection
	GlobalSection(SolutionProperties) = preSolution
		HideSolutionNode = FALSE
	EndGlobalSection
	GlobalSection(ExtensibilityGlobals) = postSolution
		SolutionGuid = {F6AA40E5-2FB2-4A5C-B0C6-DB2530605B5E}
	EndGlobalSection
EndGlobal
